<?xml version="1.0" encoding="utf-8"?>
<Project ToolsVersion="4.0" xmlns="http://schemas.microsoft.com/developer/msbuild/2003">
  <ItemGroup>
    <Filter Include="source">
      <UniqueIdentifier>{4FC737F1-C7A5-4376-A066-2A32D752A2FF}</UniqueIdentifier>
      <Extensions>cpp;c;cxx;def;odl;idl;hpj;bat;asm;asmx</Extensions>
    </Filter>
    <Filter Include="FileSystem">
      <UniqueIdentifier>{83bafe11-ca10-408e-bdda-ac2fa2ab417e}</UniqueIdentifier>
    </Filter>
    <Filter Include="Resource Files">
      <UniqueIdentifier>{67DA6AB6-F800-4c08-8B7A-83BB121AAD01}</UniqueIdentifier>
      <Extensions>rc;ico;cur;bmp;dlg;rc2;rct;bin;rgs;gif;jpg;jpeg;jpe;resx</Extensions>
    </Filter>
    <Filter Include="interfaces">
      <UniqueIdentifier>{770f1cdb-15c9-476a-97c3-b194f0dcde7a}</UniqueIdentifier>
    </Filter>
    <Filter Include="common">
      <UniqueIdentifier>{91f517a4-a0d9-479f-b74d-bb0b67499284}</UniqueIdentifier>
    </Filter>
    <Filter Include="MapFile2">
      <UniqueIdentifier>{c61d2997-0777-4b36-bb6d-596a29508b75}</UniqueIdentifier>
    </Filter>
  </ItemGroup>
  <ItemGroup>
    <ClCompile Include="Proj_FileSystem.cpp">
      <Filter>source</Filter>
    </ClCompile>
    <ClCompile Include="stdh.cpp">
      <Filter>source</Filter>
    </ClCompile>
    <ClCompile Include="File.cpp">
      <Filter>FileSystem</Filter>
    </ClCompile>
    <ClCompile Include="FileSystem.cpp">
      <Filter>FileSystem</Filter>
    </ClCompile>
    <ClCompile Include="Folder.cpp">
      <Filter>FileSystem</Filter>
    </ClCompile>
    <ClCompile Include="mapfile2\mapfile.cpp">
      <Filter>MapFile2</Filter>
    </ClCompile>
    <ClCompile Include="mapfile2\mapfile2.cpp">
      <Filter>MapFile2</Filter>
    </ClCompile>
  </ItemGroup>
  <ItemGroup>
    <ClInclude Include="Proj_FileSystem.h">
      <Filter>source</Filter>
    </ClInclude>
    <ClInclude Include="stdh.h">
      <Filter>source</Filter>
    </ClInclude>
    <ClInclude Include="File.h">
      <Filter>FileSystem</Filter>
    </ClInclude>
    <ClInclude Include="FileSystem.h">
      <Filter>FileSystem</Filter>
    </ClInclude>
    <ClInclude Include="Folder.h">
      <Filter>FileSystem</Filter>
    </ClInclude>
    <ClInclude Include="..\Interfaces\FileSystem\FileSystemDefines.h">
      <Filter>interfaces</Filter>
    </ClInclude>
    <ClInclude Include="..\Interfaces\FileSystem\IFileSystem.h">
      <Filter>interfaces</Filter>
    </ClInclude>
    <ClInclude Include="..\Interfaces\FileSystem\IMapFile.h">
      <Filter>interfaces</Filter>
    </ClInclude>
    <ClInclude Include="..\Interfaces\FileSystem\IMapFileDefines.h">
      <Filter>interfaces</Filter>
    </ClInclude>
    <ClInclude Include="..\Interfaces\FileSystem\ISscSystem.h">
      <Filter>interfaces</Filter>
    </ClInclude>
    <ClInclude Include="..\Interfaces\FileSystem\ISscSystemDefines.h">
      <Filter>interfaces</Filter>
    </ClInclude>
    <ClInclude Include="mapfile2\mapfile.h">
      <Filter>MapFile2</Filter>
    </ClInclude>
    <ClInclude Include="mapfile2\mapfile2.h">
      <Filter>MapFile2</Filter>
    </ClInclude>
    <ClInclude Include="mapfile2\supermapchannel.h">
      <Filter>MapFile2</Filter>
    </ClInclude>
    <ClInclude Include="FileSystemExport.h" />
  </ItemGroup>
  <ItemGroup>
    <Text Include="ReadMe.txt" />
  </ItemGroup>
</Project>