<?xml version="1.0" encoding="utf-8"?>
<Project ToolsVersion="4.0" xmlns="http://schemas.microsoft.com/developer/msbuild/2003">
  <ItemGroup>
    <Filter Include="Source Files">
      <UniqueIdentifier>{4FC737F1-C7A5-4376-A066-2A32D752A2FF}</UniqueIdentifier>
      <Extensions>cpp;c;cxx;def;odl;idl;hpj;bat;asm;asmx</Extensions>
    </Filter>
    <Filter Include="common">
      <UniqueIdentifier>{ab4101b8-7cf7-4a9c-b058-3110b29e10e3}</UniqueIdentifier>
    </Filter>
    <Filter Include="common\_affinespace">
      <UniqueIdentifier>{4ec6457a-e6f7-459c-b8ee-8be39076b791}</UniqueIdentifier>
    </Filter>
    <Filter Include="common\_excel">
      <UniqueIdentifier>{393e6b1f-714c-4eba-bb30-07b0d5868a8b}</UniqueIdentifier>
    </Filter>
    <Filter Include="common\_align">
      <UniqueIdentifier>{e964932a-bb5e-41a5-be7b-f947a3499d94}</UniqueIdentifier>
    </Filter>
    <Filter Include="common\_anim">
      <UniqueIdentifier>{5e2feb31-129d-41af-8b41-1973f3877908}</UniqueIdentifier>
    </Filter>
    <Filter Include="common\_avtrstates">
      <UniqueIdentifier>{69273ece-46dc-4d6a-be49-8b3bc3557917}</UniqueIdentifier>
    </Filter>
    <Filter Include="common\_bitset">
      <UniqueIdentifier>{ba6c3f96-4a0c-483f-802c-85cbf2085f41}</UniqueIdentifier>
    </Filter>
    <Filter Include="common\_checksum">
      <UniqueIdentifier>{739e4f92-534e-46f0-ae4b-8bc695a647f5}</UniqueIdentifier>
    </Filter>
    <Filter Include="common\_class">
      <UniqueIdentifier>{38796344-218a-4d7f-b7a5-85f744acf6bb}</UniqueIdentifier>
    </Filter>
    <Filter Include="common\_collision">
      <UniqueIdentifier>{a0b08c74-264d-4079-908f-fa1ece0ad44f}</UniqueIdentifier>
    </Filter>
    <Filter Include="common\_colorset">
      <UniqueIdentifier>{7db6a1a1-1285-4c2a-bbb2-900886236327}</UniqueIdentifier>
    </Filter>
    <Filter Include="common\_concurrent">
      <UniqueIdentifier>{238520c5-3862-4d65-8881-3dabd00bf60b}</UniqueIdentifier>
    </Filter>
    <Filter Include="common\_config">
      <UniqueIdentifier>{b1094daf-238b-456e-a2e6-388429e40e18}</UniqueIdentifier>
    </Filter>
    <Filter Include="common\_ctrlqueue">
      <UniqueIdentifier>{e924d6bf-fb18-4025-9fe4-17f523671ed9}</UniqueIdentifier>
    </Filter>
    <Filter Include="common\_cyclemap">
      <UniqueIdentifier>{d9a15927-bdc8-4a99-bd2a-a6662311f6f8}</UniqueIdentifier>
    </Filter>
    <Filter Include="common\_datapacket">
      <UniqueIdentifier>{b1b2e786-7f7f-4924-9291-9694dd4aa5fd}</UniqueIdentifier>
    </Filter>
    <Filter Include="common\_dbreader">
      <UniqueIdentifier>{c653094f-a208-4977-97d3-ead0ce234aaf}</UniqueIdentifier>
    </Filter>
    <Filter Include="common\_editor">
      <UniqueIdentifier>{ae3b0779-eb03-40ad-b082-d2033c629959}</UniqueIdentifier>
    </Filter>
    <Filter Include="common\_enums">
      <UniqueIdentifier>{3b95f0db-258b-41b8-9a19-d1786f89072f}</UniqueIdentifier>
    </Filter>
    <Filter Include="common\_fastdelegate">
      <UniqueIdentifier>{be1fb783-fb46-4a07-bea5-157f402c43bd}</UniqueIdentifier>
    </Filter>
    <Filter Include="common\_interface">
      <UniqueIdentifier>{5dddbf92-237f-4756-8e9c-fb469b6fa76f}</UniqueIdentifier>
    </Filter>
    <Filter Include="common\_fft">
      <UniqueIdentifier>{c8ee45ee-10eb-46e2-ab60-71bab7852501}</UniqueIdentifier>
    </Filter>
    <Filter Include="common\_filepackage">
      <UniqueIdentifier>{31f9e943-fd54-49c9-bafc-dd4e4fa2d33a}</UniqueIdentifier>
    </Filter>
    <Filter Include="common\_filewatcher">
      <UniqueIdentifier>{c399abd8-3d3a-401b-9d66-e35061688957}</UniqueIdentifier>
    </Filter>
    <Filter Include="common\_fvfex">
      <UniqueIdentifier>{730a6d54-4809-42af-b548-5db0ceadeefa}</UniqueIdentifier>
    </Filter>
    <Filter Include="common\_gds">
      <UniqueIdentifier>{2d41ac08-ab8c-41c3-9dc0-8e56e7c7e5b1}</UniqueIdentifier>
    </Filter>
    <Filter Include="common\_geosphere">
      <UniqueIdentifier>{7739dc54-8ac0-4d22-a976-2ba610f6b5a6}</UniqueIdentifier>
    </Filter>
    <Filter Include="common\_ijlApi">
      <UniqueIdentifier>{003c20ce-5a7c-448a-aae3-ce52273fdabe}</UniqueIdentifier>
    </Filter>
    <Filter Include="common\_linear">
      <UniqueIdentifier>{77ba3cd2-e204-49a6-8c7b-97b10ecfccf7}</UniqueIdentifier>
    </Filter>
    <Filter Include="common\_multitree">
      <UniqueIdentifier>{9658de9f-7068-4413-bf52-d8d60a12f271}</UniqueIdentifier>
    </Filter>
    <Filter Include="common\_linkpad">
      <UniqueIdentifier>{75e361b1-de75-4acc-85b3-8b22e10d7120}</UniqueIdentifier>
    </Filter>
    <Filter Include="common\_log">
      <UniqueIdentifier>{f1709d79-0c50-4649-9c8c-0ef16f2a9c1c}</UniqueIdentifier>
    </Filter>
    <Filter Include="common\_math">
      <UniqueIdentifier>{0572cef7-b43e-4367-80f0-88caf5430b16}</UniqueIdentifier>
    </Filter>
    <Filter Include="common\_mempool">
      <UniqueIdentifier>{ca4060e4-e2ef-4c27-89c3-61fac395816c}</UniqueIdentifier>
    </Filter>
    <Filter Include="common\_mod">
      <UniqueIdentifier>{57b705f2-b49f-4ee0-8937-28bc3b4d80d1}</UniqueIdentifier>
    </Filter>
    <Filter Include="common\_multithread">
      <UniqueIdentifier>{0fe2aaa7-e755-433c-acea-58cf770c8aff}</UniqueIdentifier>
    </Filter>
    <Filter Include="common\_phys">
      <UniqueIdentifier>{63d26261-5a90-4bb2-a981-7b1552ffdf98}</UniqueIdentifier>
    </Filter>
    <Filter Include="common\_texCompress">
      <UniqueIdentifier>{f8f3d2dc-d062-451c-8741-8bbd5cd22548}</UniqueIdentifier>
    </Filter>
    <Filter Include="common\_progress">
      <UniqueIdentifier>{a728d05c-e22a-491f-afe9-b1f48dc13f03}</UniqueIdentifier>
    </Filter>
    <Filter Include="common\_nav">
      <UniqueIdentifier>{f5384884-a1dc-4802-82dd-9159da94d995}</UniqueIdentifier>
    </Filter>
    <Filter Include="common\_nav\detour">
      <UniqueIdentifier>{ad4c0ff8-0e28-42f6-8da8-ca2e886566f0}</UniqueIdentifier>
    </Filter>
    <Filter Include="common\_nav\recast">
      <UniqueIdentifier>{50525c41-0738-4459-b55a-f8454f81d9a1}</UniqueIdentifier>
    </Filter>
    <Filter Include="common\_nav\routing">
      <UniqueIdentifier>{a8e5f6b4-ba53-43e0-89be-d81fd0aba5a4}</UniqueIdentifier>
    </Filter>
    <Filter Include="common\_random">
      <UniqueIdentifier>{b24658f2-7397-4333-8b34-c5dee4388fb1}</UniqueIdentifier>
    </Filter>
    <Filter Include="common\_rasterize">
      <UniqueIdentifier>{5aea7195-da8e-47a0-bd65-d3431f634ca9}</UniqueIdentifier>
    </Filter>
    <Filter Include="common\_ref">
      <UniqueIdentifier>{a00365fb-af4a-49e9-9ed1-960c6fdee51e}</UniqueIdentifier>
    </Filter>
    <Filter Include="common\_Registry">
      <UniqueIdentifier>{695d6cf7-0a40-46a3-bdee-a2c3faf9035a}</UniqueIdentifier>
    </Filter>
    <Filter Include="common\_resdata">
      <UniqueIdentifier>{7efc71cb-5f71-44a9-86ea-f4b4ab210e9e}</UniqueIdentifier>
    </Filter>
    <Filter Include="common\_resdata\AnimTreeData">
      <UniqueIdentifier>{f99143a6-cb29-48f1-b115-547accd532c7}</UniqueIdentifier>
    </Filter>
    <Filter Include="common\_resdata\BehaviorGraphData">
      <UniqueIdentifier>{f5ad9b36-e614-4cdc-8c43-a61afbccd5d9}</UniqueIdentifier>
    </Filter>
    <Filter Include="common\_roc">
      <UniqueIdentifier>{3551c7a1-ff4c-487d-b3a5-9e523f666db6}</UniqueIdentifier>
    </Filter>
    <Filter Include="common\_ruler">
      <UniqueIdentifier>{4520c3cc-6c38-4742-997e-b0c66921584e}</UniqueIdentifier>
    </Filter>
    <Filter Include="common\_setter">
      <UniqueIdentifier>{7280b86e-eb7b-4dfb-a381-002ab72cfca5}</UniqueIdentifier>
    </Filter>
    <Filter Include="common\_zoner">
      <UniqueIdentifier>{c331ccfe-f704-4e4b-8cc6-9f2e80bf1799}</UniqueIdentifier>
    </Filter>
    <Filter Include="common\_sh">
      <UniqueIdentifier>{cd349e0c-5fa8-4754-a5de-5b32fbc428ec}</UniqueIdentifier>
    </Filter>
    <Filter Include="common\_shaderlib">
      <UniqueIdentifier>{f100298b-4a6f-4463-b13b-7c1421135276}</UniqueIdentifier>
    </Filter>
    <Filter Include="common\_sparsearray">
      <UniqueIdentifier>{c880036a-f300-4e8d-8c38-f6d0940255bc}</UniqueIdentifier>
    </Filter>
    <Filter Include="common\_spatialtester">
      <UniqueIdentifier>{69c9c099-bb70-4d7c-88ea-f877056eb419}</UniqueIdentifier>
    </Filter>
    <Filter Include="common\_spline">
      <UniqueIdentifier>{e61ed1ef-6994-4919-8dd3-38bace259969}</UniqueIdentifier>
    </Filter>
    <Filter Include="common\_stringparser">
      <UniqueIdentifier>{21f6f700-b745-42d9-b020-d7eafe86fb6e}</UniqueIdentifier>
    </Filter>
    <Filter Include="common\_strlib">
      <UniqueIdentifier>{7f581d1b-2a9b-4090-a6b5-4f184aabc7c7}</UniqueIdentifier>
    </Filter>
    <Filter Include="common\_terrain">
      <UniqueIdentifier>{32654470-be93-4391-9019-93f3bd4e39f4}</UniqueIdentifier>
    </Filter>
    <Filter Include="common\_timer">
      <UniqueIdentifier>{c13da48f-c687-4f71-ba06-1e8f8c3ec612}</UniqueIdentifier>
    </Filter>
    <Filter Include="common\_trisampler">
      <UniqueIdentifier>{451161f2-ec53-4d45-8aaf-35ae60d15113}</UniqueIdentifier>
    </Filter>
    <Filter Include="common\_tuner">
      <UniqueIdentifier>{78b1deb4-6853-44ff-beb7-3156ef0ccdce}</UniqueIdentifier>
    </Filter>
    <Filter Include="common\_unitsystem">
      <UniqueIdentifier>{f56c5a37-1c1c-439d-af10-8e2db0e23661}</UniqueIdentifier>
    </Filter>
    <Filter Include="common\_valueset">
      <UniqueIdentifier>{aa6cbd13-f206-4231-a916-1243da224f4e}</UniqueIdentifier>
    </Filter>
    <Filter Include="common\_vertexfmt">
      <UniqueIdentifier>{41daad6d-1f35-4030-95d2-5deb5067829a}</UniqueIdentifier>
    </Filter>
    <Filter Include="common\_procedure">
      <UniqueIdentifier>{ff3fac4c-5579-417e-967d-b93f959a5b99}</UniqueIdentifier>
    </Filter>
    <Filter Include="common\_imageprocess">
      <UniqueIdentifier>{7baa3774-0fd2-4d1f-9644-fbdb33c2758f}</UniqueIdentifier>
    </Filter>
    <Filter Include="common\_pixelfmt">
      <UniqueIdentifier>{6e2cf87f-0fb0-4a0a-ad92-a91007d75491}</UniqueIdentifier>
    </Filter>
    <Filter Include="common\_linkbuf">
      <UniqueIdentifier>{0f159646-66d5-47d7-bd26-2dec20df17ec}</UniqueIdentifier>
    </Filter>
    <Filter Include="common\_octree">
      <UniqueIdentifier>{5601a070-9774-4fd7-80c1-cb7af5648089}</UniqueIdentifier>
    </Filter>
    <Filter Include="common\_qtree">
      <UniqueIdentifier>{de6181be-e0a3-4a89-9762-88b79e64289d}</UniqueIdentifier>
    </Filter>
    <Filter Include="common\_gamedata">
      <UniqueIdentifier>{1deb3e09-983f-4dd3-bdaf-2de888fca0b2}</UniqueIdentifier>
    </Filter>
    <Filter Include="common\_macropather">
      <UniqueIdentifier>{1dc6ce11-721b-4078-ae85-a14f62084f93}</UniqueIdentifier>
    </Filter>
    <Filter Include="common\_astar">
      <UniqueIdentifier>{1a2e5e47-ea4b-4d6d-a49e-04afc7c5e782}</UniqueIdentifier>
    </Filter>
    <Filter Include="common\_unitmgr">
      <UniqueIdentifier>{fb97bd8f-f9f7-4a31-bcd9-4b2bde1eabe4}</UniqueIdentifier>
    </Filter>
    <Filter Include="common\_quicklz">
      <UniqueIdentifier>{8379d4bb-7a79-4f0c-81f9-20f81157d33b}</UniqueIdentifier>
    </Filter>
    <Filter Include="common\_sheet">
      <UniqueIdentifier>{0c4e9101-7797-4d2d-9287-a16229406e0a}</UniqueIdentifier>
    </Filter>
    <Filter Include="common\_netmsg">
      <UniqueIdentifier>{81c73df2-382c-4c54-985d-9bb0d6984a3a}</UniqueIdentifier>
    </Filter>
    <Filter Include="common\_records">
      <UniqueIdentifier>{320c47e3-ce0a-4afa-9302-d437379f7894}</UniqueIdentifier>
    </Filter>
    <Filter Include="common\_triangulater">
      <UniqueIdentifier>{085de7d4-b9a5-4eef-8843-a77339b7d277}</UniqueIdentifier>
    </Filter>
    <Filter Include="common\_decal">
      <UniqueIdentifier>{510f7a07-dbf9-4799-bd61-07e3d0d49f65}</UniqueIdentifier>
    </Filter>
    <Filter Include="common\_boundfinder">
      <UniqueIdentifier>{bb878d61-9ef5-459f-9db1-192ec58176bd}</UniqueIdentifier>
    </Filter>
    <Filter Include="common\_attr">
      <UniqueIdentifier>{0f7d82f5-9095-4d33-b56a-be04c7dc5621}</UniqueIdentifier>
    </Filter>
    <Filter Include="common\_circum">
      <UniqueIdentifier>{7e80d80e-0306-40eb-afe5-6ef4fef96b09}</UniqueIdentifier>
    </Filter>
    <Filter Include="common\_behavior">
      <UniqueIdentifier>{dbec0ff4-b023-4831-bcad-c47dd8291e4e}</UniqueIdentifier>
    </Filter>
    <Filter Include="common\_behavior\debug">
      <UniqueIdentifier>{bee74155-4c47-4c65-ad06-96d107a8b860}</UniqueIdentifier>
    </Filter>
    <Filter Include="common\_pin">
      <UniqueIdentifier>{cc1c421b-5bda-4fcc-b286-15eaa285a494}</UniqueIdentifier>
    </Filter>
    <Filter Include="common\_ringbuf">
      <UniqueIdentifier>{af564812-1a81-41f1-bafc-3ba0e7482dcb}</UniqueIdentifier>
    </Filter>
    <Filter Include="common\_rvo2">
      <UniqueIdentifier>{1218d7e0-fac0-4ae2-a17a-f37c372ee109}</UniqueIdentifier>
    </Filter>
    <Filter Include="common\_rope">
      <UniqueIdentifier>{38d657a8-9634-427d-a6c5-68006be0537e}</UniqueIdentifier>
    </Filter>
    <Filter Include="common\_ranges">
      <UniqueIdentifier>{aa4dac07-0ef0-4d0b-821b-168c3255efea}</UniqueIdentifier>
    </Filter>
    <Filter Include="common\_PositionBasedDynamics">
      <UniqueIdentifier>{6deef837-19e0-49cd-9aa8-7de692dac3c9}</UniqueIdentifier>
    </Filter>
    <Filter Include="common\_PositionBasedDynamics\common">
      <UniqueIdentifier>{c3c251a0-44e5-4a6b-ab6c-e646a6506c9a}</UniqueIdentifier>
    </Filter>
    <Filter Include="common\_PositionBasedDynamics\PositionBasedDynamics">
      <UniqueIdentifier>{4f47078b-0486-4140-9553-a7a62b2d8644}</UniqueIdentifier>
    </Filter>
    <Filter Include="common\_PositionBasedDynamics\Simulation">
      <UniqueIdentifier>{e827e642-f85c-4875-9c4e-59e7afdeddf2}</UniqueIdentifier>
    </Filter>
    <Filter Include="common\_stackcontainer">
      <UniqueIdentifier>{84546614-0368-4e5b-97e2-3c0c54d2b8d7}</UniqueIdentifier>
    </Filter>
    <Filter Include="common\_HandlePool">
      <UniqueIdentifier>{36260512-a3f7-4e2a-a456-bc609de4748b}</UniqueIdentifier>
    </Filter>
    <Filter Include="common\_squish">
      <UniqueIdentifier>{ad1f5b3b-57a5-4386-b457-2233d1ad991c}</UniqueIdentifier>
    </Filter>
    <Filter Include="common\_encrypt">
      <UniqueIdentifier>{26e8bd08-797b-4627-bc18-3537a83696f9}</UniqueIdentifier>
    </Filter>
  </ItemGroup>
  <ItemGroup>
    <ClCompile Include="stdh.cpp">
      <Filter>Source Files</Filter>
    </ClCompile>
    <ClCompile Include="..\Common\excel\BasicExcel.cpp">
      <Filter>common\_excel</Filter>
    </ClCompile>
    <ClCompile Include="..\Common\anim\animbase.cpp">
      <Filter>common\_anim</Filter>
    </ClCompile>
    <ClCompile Include="..\Common\anim\AnimPiece.cpp">
      <Filter>common\_anim</Filter>
    </ClCompile>
    <ClCompile Include="..\Common\anim\KeySet.cpp">
      <Filter>common\_anim</Filter>
    </ClCompile>
    <ClCompile Include="..\Common\avtrstates\avtrstates.cpp">
      <Filter>common\_avtrstates</Filter>
    </ClCompile>
    <ClCompile Include="..\Common\bitset\bitset2d.cpp">
      <Filter>common\_bitset</Filter>
    </ClCompile>
    <ClCompile Include="..\Common\checksum\CheckSum.cpp">
      <Filter>common\_checksum</Filter>
    </ClCompile>
    <ClCompile Include="..\Common\checksum\md5.cpp">
      <Filter>common\_checksum</Filter>
    </ClCompile>
    <ClCompile Include="..\Common\class\class.cpp">
      <Filter>common\_class</Filter>
    </ClCompile>
    <ClCompile Include="..\Common\collision\collisiontest.cpp">
      <Filter>common\_collision</Filter>
    </ClCompile>
    <ClCompile Include="..\Common\Colorset\ColorSet.cpp">
      <Filter>common\_colorset</Filter>
    </ClCompile>
    <ClCompile Include="..\Common\concurrent\semaphore.cpp">
      <Filter>common\_concurrent</Filter>
    </ClCompile>
    <ClCompile Include="..\Common\concurrent\thread.cpp">
      <Filter>common\_concurrent</Filter>
    </ClCompile>
    <ClCompile Include="..\Common\config\config.cpp">
      <Filter>common\_config</Filter>
    </ClCompile>
    <ClCompile Include="..\Common\ctrlqueue\CtrlQueue.cpp">
      <Filter>common\_ctrlqueue</Filter>
    </ClCompile>
    <ClCompile Include="..\Common\datapacket\BitPacket.cpp">
      <Filter>common\_datapacket</Filter>
    </ClCompile>
    <ClCompile Include="..\Common\datapacket\ChunkPacket.cpp">
      <Filter>common\_datapacket</Filter>
    </ClCompile>
    <ClCompile Include="..\Common\datapacket\DataPacket.cpp">
      <Filter>common\_datapacket</Filter>
    </ClCompile>
    <ClCompile Include="..\Common\dbreader\dbreader.cpp">
      <Filter>common\_dbreader</Filter>
    </ClCompile>
    <ClCompile Include="..\Common\editor\editor.cpp">
      <Filter>common\_editor</Filter>
    </ClCompile>
    <ClCompile Include="..\Common\interface\interface.cpp">
      <Filter>common\_interface</Filter>
    </ClCompile>
    <ClCompile Include="..\Common\interface\InterfaceInstantiate.cpp">
      <Filter>common\_interface</Filter>
    </ClCompile>
    <ClCompile Include="..\Common\fft\FFT.cpp">
      <Filter>common\_fft</Filter>
    </ClCompile>
    <ClCompile Include="..\Common\filepackage\FilePackage.cpp">
      <Filter>common\_filepackage</Filter>
    </ClCompile>
    <ClCompile Include="..\Common\filepackage\FilePackageFile.cpp">
      <Filter>common\_filepackage</Filter>
    </ClCompile>
    <ClCompile Include="..\Common\filepackage\FilePackageFuns.cpp">
      <Filter>common\_filepackage</Filter>
    </ClCompile>
    <ClCompile Include="..\Common\filepackage\FileStream.cpp">
      <Filter>common\_filepackage</Filter>
    </ClCompile>
    <ClCompile Include="..\Common\filewatcher\FileWatcher.cpp">
      <Filter>common\_filewatcher</Filter>
    </ClCompile>
    <ClCompile Include="..\Common\fvfex\fvfex.cpp">
      <Filter>common\_fvfex</Filter>
    </ClCompile>
    <ClCompile Include="..\Common\gds\GDefines.cpp">
      <Filter>common\_gds</Filter>
    </ClCompile>
    <ClCompile Include="..\Common\gds\GProp.cpp">
      <Filter>common\_gds</Filter>
    </ClCompile>
    <ClCompile Include="..\Common\gds\GVar.cpp">
      <Filter>common\_gds</Filter>
    </ClCompile>
    <ClCompile Include="..\Common\geosphere\gsphere.cpp">
      <Filter>common\_geosphere</Filter>
    </ClCompile>
    <ClCompile Include="..\Common\ijlApi\ijlApi.cpp">
      <Filter>common\_ijlApi</Filter>
    </ClCompile>
    <ClCompile Include="..\Common\HandlePool\HandlePool.cpp">
      <Filter>common\_HandlePool</Filter>
    </ClCompile>
    <ClCompile Include="..\Common\linear\linear.cpp">
      <Filter>common\_linear</Filter>
    </ClCompile>
    <ClCompile Include="..\Common\MultiTree\NodeTree.cpp">
      <Filter>common\_multitree</Filter>
    </ClCompile>
    <ClCompile Include="..\Common\linkpad\LinkPad.cpp">
      <Filter>common\_linkpad</Filter>
    </ClCompile>
    <ClCompile Include="..\Common\Log\LastError.cpp">
      <Filter>common\_log</Filter>
    </ClCompile>
    <ClCompile Include="..\Common\Log\LogDump.cpp">
      <Filter>common\_log</Filter>
    </ClCompile>
    <ClCompile Include="..\Common\Log\LogFile.cpp">
      <Filter>common\_log</Filter>
    </ClCompile>
    <ClCompile Include="..\Common\math\function.cpp">
      <Filter>common\_math</Filter>
    </ClCompile>
    <ClCompile Include="..\Common\math\iMath.cpp">
      <Filter>common\_math</Filter>
    </ClCompile>
    <ClCompile Include="..\Common\mempool\mempool.cpp">
      <Filter>common\_mempool</Filter>
    </ClCompile>
    <ClCompile Include="..\Common\mod\ModBase.cpp">
      <Filter>common\_mod</Filter>
    </ClCompile>
    <ClCompile Include="..\Common\texcompress\3dcDecode.cpp">
      <Filter>common\_texCompress</Filter>
    </ClCompile>
    <ClCompile Include="..\Common\texcompress\3dcEncodes.cpp">
      <Filter>common\_texCompress</Filter>
    </ClCompile>
    <ClCompile Include="..\Common\texcompress\DXT1Encodes.cpp">
      <Filter>common\_texCompress</Filter>
    </ClCompile>
    <ClCompile Include="..\Common\progress\progress.cpp">
      <Filter>common\_progress</Filter>
    </ClCompile>
    <ClCompile Include="..\Common\nav\navdata.cpp">
      <Filter>common\_nav</Filter>
    </ClCompile>
    <ClCompile Include="..\Common\nav\navservice.cpp">
      <Filter>common\_nav</Filter>
    </ClCompile>
    <ClCompile Include="..\Common\nav\detour\DetourAlloc.cpp">
      <Filter>common\_nav\detour</Filter>
    </ClCompile>
    <ClCompile Include="..\Common\nav\detour\DetourCommon.cpp">
      <Filter>common\_nav\detour</Filter>
    </ClCompile>
    <ClCompile Include="..\Common\nav\detour\DetourMath.cpp">
      <Filter>common\_nav\detour</Filter>
    </ClCompile>
    <ClCompile Include="..\Common\nav\detour\DetourNavMesh.cpp">
      <Filter>common\_nav\detour</Filter>
    </ClCompile>
    <ClCompile Include="..\Common\nav\detour\DetourNavMeshBuilder.cpp">
      <Filter>common\_nav\detour</Filter>
    </ClCompile>
    <ClCompile Include="..\Common\nav\detour\DetourNavMeshQuery.cpp">
      <Filter>common\_nav\detour</Filter>
    </ClCompile>
    <ClCompile Include="..\Common\nav\detour\DetourNode.cpp">
      <Filter>common\_nav\detour</Filter>
    </ClCompile>
    <ClCompile Include="..\Common\nav\detour\DetourTileQuery.cpp">
      <Filter>common\_nav\detour</Filter>
    </ClCompile>
    <ClCompile Include="..\Common\nav\recast\ChunkyTriMesh.cpp">
      <Filter>common\_nav\recast</Filter>
    </ClCompile>
    <ClCompile Include="..\Common\nav\recast\Recast.cpp">
      <Filter>common\_nav\recast</Filter>
    </ClCompile>
    <ClCompile Include="..\Common\nav\recast\RecastAlloc.cpp">
      <Filter>common\_nav\recast</Filter>
    </ClCompile>
    <ClCompile Include="..\Common\nav\recast\RecastArea.cpp">
      <Filter>common\_nav\recast</Filter>
    </ClCompile>
    <ClCompile Include="..\Common\nav\recast\RecastContour.cpp">
      <Filter>common\_nav\recast</Filter>
    </ClCompile>
    <ClCompile Include="..\Common\nav\recast\RecastFilter.cpp">
      <Filter>common\_nav\recast</Filter>
    </ClCompile>
    <ClCompile Include="..\Common\nav\recast\RecastLayers.cpp">
      <Filter>common\_nav\recast</Filter>
    </ClCompile>
    <ClCompile Include="..\Common\nav\recast\RecastMesh.cpp">
      <Filter>common\_nav\recast</Filter>
    </ClCompile>
    <ClCompile Include="..\Common\nav\recast\RecastMeshDetail.cpp">
      <Filter>common\_nav\recast</Filter>
    </ClCompile>
    <ClCompile Include="..\Common\nav\recast\RecastRasterization.cpp">
      <Filter>common\_nav\recast</Filter>
    </ClCompile>
    <ClCompile Include="..\Common\nav\recast\RecastRegion.cpp">
      <Filter>common\_nav\recast</Filter>
    </ClCompile>
    <ClCompile Include="..\Common\nav\routing\rtNode.cpp">
      <Filter>common\_nav\routing</Filter>
    </ClCompile>
    <ClCompile Include="..\Common\nav\routing\rtQuery.cpp">
      <Filter>common\_nav\routing</Filter>
    </ClCompile>
    <ClCompile Include="..\Common\nav\routing\rtRegion.cpp">
      <Filter>common\_nav\routing</Filter>
    </ClCompile>
    <ClCompile Include="..\Common\nav\routing\rtTableManager.cpp">
      <Filter>common\_nav\routing</Filter>
    </ClCompile>
    <ClCompile Include="..\Common\nav\routing\rtWorld.cpp">
      <Filter>common\_nav\routing</Filter>
    </ClCompile>
    <ClCompile Include="..\Common\Random\Random.cpp">
      <Filter>common\_random</Filter>
    </ClCompile>
    <ClCompile Include="..\Common\rasterize\rasterize.cpp">
      <Filter>common\_rasterize</Filter>
    </ClCompile>
    <ClCompile Include="..\Common\ref\sharedPtr.cpp">
      <Filter>common\_ref</Filter>
    </ClCompile>
    <ClCompile Include="..\Common\Registry\Registry.cpp">
      <Filter>common\_Registry</Filter>
    </ClCompile>
    <ClCompile Include="..\Common\resdata\AnimData.cpp">
      <Filter>common\_resdata</Filter>
    </ClCompile>
    <ClCompile Include="..\Common\resdata\DtrData.cpp">
      <Filter>common\_resdata</Filter>
    </ClCompile>
    <ClCompile Include="..\Common\resdata\DummiesData.cpp">
      <Filter>common\_resdata</Filter>
    </ClCompile>
    <ClCompile Include="..\Common\resdata\MeshData.cpp">
      <Filter>common\_resdata</Filter>
    </ClCompile>
    <ClCompile Include="..\Common\resdata\MoppData.cpp">
      <Filter>common\_resdata</Filter>
    </ClCompile>
    <ClCompile Include="..\Common\resdata\MtrlData.cpp">
      <Filter>common\_resdata</Filter>
    </ClCompile>
    <ClCompile Include="..\Common\resdata\MtrlExtData.cpp">
      <Filter>common\_resdata</Filter>
    </ClCompile>
    <ClCompile Include="..\Common\resdata\RagdollData.cpp">
      <Filter>common\_resdata</Filter>
    </ClCompile>
    <ClCompile Include="..\Common\resdata\RecordsData.cpp">
      <Filter>common\_resdata</Filter>
    </ClCompile>
    <ClCompile Include="..\Common\resdata\ResData.cpp">
      <Filter>common\_resdata</Filter>
    </ClCompile>
    <ClCompile Include="..\Common\resdata\SkeletonInfo.cpp">
      <Filter>common\_resdata</Filter>
    </ClCompile>
    <ClCompile Include="..\Common\resdata\SoundData.cpp">
      <Filter>common\_resdata</Filter>
    </ClCompile>
    <ClCompile Include="..\Common\resdata\SpgData.cpp">
      <Filter>common\_resdata</Filter>
    </ClCompile>
    <ClCompile Include="..\Common\resdata\SptData.cpp">
      <Filter>common\_resdata</Filter>
    </ClCompile>
    <ClCompile Include="..\Common\resdata\TexData.cpp">
      <Filter>common\_resdata</Filter>
    </ClCompile>
    <ClCompile Include="..\Common\resdata\AnimTreeData.cpp">
      <Filter>common\_resdata\AnimTreeData</Filter>
    </ClCompile>
    <ClCompile Include="..\Common\resdata\AnimTreePads.cpp">
      <Filter>common\_resdata\AnimTreeData</Filter>
    </ClCompile>
    <ClCompile Include="..\Common\resdata\BehaviorGraphData.cpp">
      <Filter>common\_resdata\BehaviorGraphData</Filter>
    </ClCompile>
    <ClCompile Include="..\Common\zoner\zoner.cpp">
      <Filter>common\_zoner</Filter>
    </ClCompile>
    <ClCompile Include="..\Common\sh\SH.cpp">
      <Filter>common\_sh</Filter>
    </ClCompile>
    <ClCompile Include="..\Common\shaderlib\ScriptParser.cpp">
      <Filter>common\_shaderlib</Filter>
    </ClCompile>
    <ClCompile Include="..\Common\shaderlib\ScriptProcesser.cpp">
      <Filter>common\_shaderlib</Filter>
    </ClCompile>
    <ClCompile Include="..\Common\shaderlib\ShaderLib.cpp">
      <Filter>common\_shaderlib</Filter>
    </ClCompile>
    <ClCompile Include="..\Common\shaderlib\SLComposer.cpp">
      <Filter>common\_shaderlib</Filter>
    </ClCompile>
    <ClCompile Include="..\Common\shaderlib\SLDefines.cpp">
      <Filter>common\_shaderlib</Filter>
    </ClCompile>
    <ClCompile Include="..\Common\shaderlib\SLHolder.cpp">
      <Filter>common\_shaderlib</Filter>
    </ClCompile>
    <ClCompile Include="..\Common\spatialtester\spatialtester.cpp">
      <Filter>common\_spatialtester</Filter>
    </ClCompile>
    <ClCompile Include="..\Common\spline\CubicSpline.cpp">
      <Filter>common\_spline</Filter>
    </ClCompile>
    <ClCompile Include="..\Common\stringparser\stringparser.cpp">
      <Filter>common\_stringparser</Filter>
    </ClCompile>
    <ClCompile Include="..\Common\strlib\strlib.cpp">
      <Filter>common\_strlib</Filter>
    </ClCompile>
    <ClCompile Include="..\Common\terrain\trrntopo.cpp">
      <Filter>common\_terrain</Filter>
    </ClCompile>
    <ClCompile Include="..\Common\timer\profiler.cpp">
      <Filter>common\_timer</Filter>
    </ClCompile>
    <ClCompile Include="..\Common\timer\timer.cpp">
      <Filter>common\_timer</Filter>
    </ClCompile>
    <ClCompile Include="..\Common\trisampler\trisampler.cpp">
      <Filter>common\_trisampler</Filter>
    </ClCompile>
    <ClCompile Include="..\Common\tuner\Tuner.cpp">
      <Filter>common\_tuner</Filter>
    </ClCompile>
    <ClCompile Include="..\Common\valueset\valueset.cpp">
      <Filter>common\_valueset</Filter>
    </ClCompile>
    <ClCompile Include="..\Common\procedure\procedure.cpp">
      <Filter>common\_procedure</Filter>
    </ClCompile>
    <ClCompile Include="..\Common\octree\octree_tri.cpp">
      <Filter>common\_octree</Filter>
    </ClCompile>
    <ClCompile Include="..\Common\qtree\qtree.cpp">
      <Filter>common\_qtree</Filter>
    </ClCompile>
    <ClCompile Include="..\Common\gamedata\GameRgnGrid.cpp">
      <Filter>common\_gamedata</Filter>
    </ClCompile>
    <ClCompile Include="..\Common\gamedata\GameTileMap.cpp">
      <Filter>common\_gamedata</Filter>
    </ClCompile>
    <ClCompile Include="..\Common\gamedata\GameTrisMap.cpp">
      <Filter>common\_gamedata</Filter>
    </ClCompile>
    <ClCompile Include="..\Common\micropather\micropather.cpp">
      <Filter>common\_macropather</Filter>
    </ClCompile>
    <ClCompile Include="..\Common\astar\AStar.cpp">
      <Filter>common\_astar</Filter>
    </ClCompile>
    <ClCompile Include="..\Common\unitmgr\Unit3DMgr.cpp">
      <Filter>common\_unitmgr</Filter>
    </ClCompile>
    <ClCompile Include="..\Common\unitmgr\UnitGesture.cpp">
      <Filter>common\_unitmgr</Filter>
    </ClCompile>
    <ClCompile Include="..\Common\unitmgr\UnitMap.cpp">
      <Filter>common\_unitmgr</Filter>
    </ClCompile>
    <ClCompile Include="..\Common\unitmgr\UnitMgr.cpp">
      <Filter>common\_unitmgr</Filter>
    </ClCompile>
    <ClCompile Include="..\Common\unitmgr\UnitMgrMP.cpp">
      <Filter>common\_unitmgr</Filter>
    </ClCompile>
    <ClCompile Include="..\Common\unitmgr\UnitMgrNavMesh.cpp">
      <Filter>common\_unitmgr</Filter>
    </ClCompile>
    <ClCompile Include="..\Common\quicklz\quicklz.c">
      <Filter>common\_quicklz</Filter>
    </ClCompile>
    <ClCompile Include="..\Common\quicklz\stream_compress.c">
      <Filter>common\_quicklz</Filter>
    </ClCompile>
    <ClCompile Include="..\Common\sheet\sheet.cpp">
      <Filter>common\_sheet</Filter>
    </ClCompile>
    <ClCompile Include="..\Common\sheet\sheetrecord.cpp">
      <Filter>common\_sheet</Filter>
    </ClCompile>
    <ClCompile Include="..\Common\netmsg\netmsg.cpp">
      <Filter>common\_netmsg</Filter>
    </ClCompile>
    <ClCompile Include="..\Common\records\records.cpp">
      <Filter>common\_records</Filter>
    </ClCompile>
    <ClCompile Include="..\Common\triangulater\triangulater.cpp">
      <Filter>common\_triangulater</Filter>
    </ClCompile>
    <ClCompile Include="..\Common\decal\decal.cpp">
      <Filter>common\_decal</Filter>
    </ClCompile>
    <ClCompile Include="..\Common\boundfinder\boundfinder.cpp">
      <Filter>common\_boundfinder</Filter>
    </ClCompile>
    <ClCompile Include="..\Common\circum\CircumSites.cpp">
      <Filter>common\_circum</Filter>
    </ClCompile>
    <ClCompile Include="..\Common\behaviorgraph\Behavior.cpp">
      <Filter>common\_behavior</Filter>
    </ClCompile>
    <ClCompile Include="..\Common\behaviorgraph\BehaviorCustomConst.cpp">
      <Filter>common\_behavior</Filter>
    </ClCompile>
    <ClCompile Include="..\Common\behaviorgraph\BehaviorGraphPads.cpp">
      <Filter>common\_behavior</Filter>
    </ClCompile>
    <ClCompile Include="..\Common\behaviorgraph\BehaviorGraphs.cpp">
      <Filter>common\_behavior</Filter>
    </ClCompile>
    <ClCompile Include="..\Common\behaviorgraph\BehaviorGraphsUtil.cpp">
      <Filter>common\_behavior</Filter>
    </ClCompile>
    <ClCompile Include="..\Common\behaviorgraph\BehaviorMem.cpp">
      <Filter>common\_behavior</Filter>
    </ClCompile>
    <ClCompile Include="..\Common\behaviorgraph\BehaviorParam.cpp">
      <Filter>common\_behavior</Filter>
    </ClCompile>
    <ClCompile Include="..\Common\behaviorgraph\BehaviorValue.cpp">
      <Filter>common\_behavior</Filter>
    </ClCompile>
    <ClCompile Include="..\Common\behaviorgraph\BgnHelper.cpp">
      <Filter>common\_behavior</Filter>
    </ClCompile>
    <ClCompile Include="..\Common\behaviorgraph\BgnInclude.cpp">
      <Filter>common\_behavior</Filter>
    </ClCompile>
    <ClCompile Include="..\Common\behaviorgraph\BgnRelay.cpp">
      <Filter>common\_behavior</Filter>
    </ClCompile>
    <ClCompile Include="..\Common\behaviorgraph\BgnState.cpp">
      <Filter>common\_behavior</Filter>
    </ClCompile>
    <ClCompile Include="..\Common\behaviorgraph\BehaviorDebug.cpp">
      <Filter>common\_behavior\debug</Filter>
    </ClCompile>
    <ClCompile Include="..\Common\behaviorgraph\BehaviorDebug_RegistryBase.cpp">
      <Filter>common\_behavior\debug</Filter>
    </ClCompile>
    <ClCompile Include="..\Common\pin\pin.cpp">
      <Filter>common\_pin</Filter>
    </ClCompile>
    <ClCompile Include="..\Common\rvo2\RvoObstacle.cpp">
      <Filter>common\_rvo2</Filter>
    </ClCompile>
    <ClCompile Include="..\Common\rvo2\RvoObstacleMap.cpp">
      <Filter>common\_rvo2</Filter>
    </ClCompile>
    <ClCompile Include="..\Common\rvo2\RvoSimulator.cpp">
      <Filter>common\_rvo2</Filter>
    </ClCompile>
    <ClCompile Include="..\Common\rvo2\RvoUnit.cpp">
      <Filter>common\_rvo2</Filter>
    </ClCompile>
    <ClCompile Include="..\Common\rope\rope.cpp">
      <Filter>common\_rope</Filter>
    </ClCompile>
    <ClCompile Include="..\Common\ranges\ranges.cpp">
      <Filter>common\_ranges</Filter>
    </ClCompile>
    <ClCompile Include="..\Common\PositionBasedDynamics\PositionBasedDynamics\MathFunctions.cpp">
      <Filter>common\_PositionBasedDynamics\PositionBasedDynamics</Filter>
    </ClCompile>
    <ClCompile Include="..\Common\PositionBasedDynamics\PositionBasedDynamics\PositionBasedDynamics.cpp">
      <Filter>common\_PositionBasedDynamics\PositionBasedDynamics</Filter>
    </ClCompile>
    <ClCompile Include="..\Common\PositionBasedDynamics\PositionBasedDynamics\PositionBasedElasticRods.cpp">
      <Filter>common\_PositionBasedDynamics\PositionBasedDynamics</Filter>
    </ClCompile>
    <ClCompile Include="..\Common\PositionBasedDynamics\PositionBasedDynamics\PositionBasedFluids.cpp">
      <Filter>common\_PositionBasedDynamics\PositionBasedDynamics</Filter>
    </ClCompile>
    <ClCompile Include="..\Common\PositionBasedDynamics\PositionBasedDynamics\PositionBasedRigidBodyDynamics.cpp">
      <Filter>common\_PositionBasedDynamics\PositionBasedDynamics</Filter>
    </ClCompile>
    <ClCompile Include="..\Common\PositionBasedDynamics\PositionBasedDynamics\SPHKernels.cpp">
      <Filter>common\_PositionBasedDynamics\PositionBasedDynamics</Filter>
    </ClCompile>
    <ClCompile Include="..\Common\PositionBasedDynamics\PositionBasedDynamics\TimeIntegration.cpp">
      <Filter>common\_PositionBasedDynamics\PositionBasedDynamics</Filter>
    </ClCompile>
    <ClCompile Include="..\Common\PositionBasedDynamics\Simulation\BoundingSphereHierarchy.cpp">
      <Filter>common\_PositionBasedDynamics\Simulation</Filter>
    </ClCompile>
    <ClCompile Include="..\Common\PositionBasedDynamics\Simulation\CollisionDetection.cpp">
      <Filter>common\_PositionBasedDynamics\Simulation</Filter>
    </ClCompile>
    <ClCompile Include="..\Common\PositionBasedDynamics\Simulation\Constraints.cpp">
      <Filter>common\_PositionBasedDynamics\Simulation</Filter>
    </ClCompile>
    <ClCompile Include="..\Common\PositionBasedDynamics\Simulation\CubicSDFCollisionDetection.cpp">
      <Filter>common\_PositionBasedDynamics\Simulation</Filter>
    </ClCompile>
    <ClCompile Include="..\Common\PositionBasedDynamics\Simulation\DistanceFieldCollisionDetection.cpp">
      <Filter>common\_PositionBasedDynamics\Simulation</Filter>
    </ClCompile>
    <ClCompile Include="..\Common\PositionBasedDynamics\Simulation\IDFactory.cpp">
      <Filter>common\_PositionBasedDynamics\Simulation</Filter>
    </ClCompile>
    <ClCompile Include="..\Common\PositionBasedDynamics\Simulation\LineModel.cpp">
      <Filter>common\_PositionBasedDynamics\Simulation</Filter>
    </ClCompile>
    <ClCompile Include="..\Common\PositionBasedDynamics\Simulation\NeighborhoodSearchSpatialHashing.cpp">
      <Filter>common\_PositionBasedDynamics\Simulation</Filter>
    </ClCompile>
    <ClCompile Include="..\Common\PositionBasedDynamics\Simulation\RigidBodyGeometry.cpp">
      <Filter>common\_PositionBasedDynamics\Simulation</Filter>
    </ClCompile>
    <ClCompile Include="..\Common\PositionBasedDynamics\Simulation\Simulation.cpp">
      <Filter>common\_PositionBasedDynamics\Simulation</Filter>
    </ClCompile>
    <ClCompile Include="..\Common\PositionBasedDynamics\Simulation\SimulationModel.cpp">
      <Filter>common\_PositionBasedDynamics\Simulation</Filter>
    </ClCompile>
    <ClCompile Include="..\Common\PositionBasedDynamics\Simulation\TetModel.cpp">
      <Filter>common\_PositionBasedDynamics\Simulation</Filter>
    </ClCompile>
    <ClCompile Include="..\Common\PositionBasedDynamics\Simulation\TimeManager.cpp">
      <Filter>common\_PositionBasedDynamics\Simulation</Filter>
    </ClCompile>
    <ClCompile Include="..\Common\PositionBasedDynamics\Simulation\TimeStep.cpp">
      <Filter>common\_PositionBasedDynamics\Simulation</Filter>
    </ClCompile>
    <ClCompile Include="..\Common\PositionBasedDynamics\Simulation\TimeStepController.cpp">
      <Filter>common\_PositionBasedDynamics\Simulation</Filter>
    </ClCompile>
    <ClCompile Include="..\Common\PositionBasedDynamics\Simulation\TriangleModel.cpp">
      <Filter>common\_PositionBasedDynamics\Simulation</Filter>
    </ClCompile>
    <ClCompile Include="..\Common\squish\alpha.cpp">
      <Filter>common\_squish</Filter>
    </ClCompile>
    <ClCompile Include="..\Common\squish\clusterfit.cpp">
      <Filter>common\_squish</Filter>
    </ClCompile>
    <ClCompile Include="..\Common\squish\colourblock.cpp">
      <Filter>common\_squish</Filter>
    </ClCompile>
    <ClCompile Include="..\Common\squish\colourfit.cpp">
      <Filter>common\_squish</Filter>
    </ClCompile>
    <ClCompile Include="..\Common\squish\colourset.cpp">
      <Filter>common\_squish</Filter>
    </ClCompile>
    <ClCompile Include="..\Common\squish\maths.cpp">
      <Filter>common\_squish</Filter>
    </ClCompile>
    <ClCompile Include="..\Common\squish\rangefit.cpp">
      <Filter>common\_squish</Filter>
    </ClCompile>
    <ClCompile Include="..\Common\squish\singlecolourfit.cpp">
      <Filter>common\_squish</Filter>
    </ClCompile>
    <ClCompile Include="..\Common\squish\squish.cpp">
      <Filter>common\_squish</Filter>
    </ClCompile>
    <ClCompile Include="..\Common\encrypt\encrypt.cpp">
      <Filter>common\_encrypt</Filter>
    </ClCompile>
    <ClCompile Include="..\Common\affinespace\affinespace.cpp">
      <Filter>common\_affinespace</Filter>
    </ClCompile>
  </ItemGroup>
  <ItemGroup>
    <ClInclude Include="stdh.h">
      <Filter>Source Files</Filter>
    </ClInclude>
    <ClInclude Include="..\Common\eventfunc\eventfunc.h">
      <Filter>common</Filter>
    </ClInclude>
    <ClInclude Include="..\Common\commondefines\general.h">
      <Filter>common</Filter>
    </ClInclude>
    <ClInclude Include="..\Common\commondefines\general_stl.h">
      <Filter>common</Filter>
    </ClInclude>
    <ClInclude Include="..\Common\align\rectalign.h">
      <Filter>common\_align</Filter>
    </ClInclude>
    <ClInclude Include="..\Common\anim\animbase.h">
      <Filter>common\_anim</Filter>
    </ClInclude>
    <ClInclude Include="..\Common\anim\animdefines.h">
      <Filter>common\_anim</Filter>
    </ClInclude>
    <ClInclude Include="..\Common\anim\AnimPiece.h">
      <Filter>common\_anim</Filter>
    </ClInclude>
    <ClInclude Include="..\Common\anim\KeySet.h">
      <Filter>common\_anim</Filter>
    </ClInclude>
    <ClInclude Include="..\Common\avtrstates\avtrstates.h">
      <Filter>common\_avtrstates</Filter>
    </ClInclude>
    <ClInclude Include="..\Common\avtrstates\avtrstates_defines.h">
      <Filter>common\_avtrstates</Filter>
    </ClInclude>
    <ClInclude Include="..\Common\avtrstates\avtrstatesanchor.h">
      <Filter>common\_avtrstates</Filter>
    </ClInclude>
    <ClInclude Include="..\Common\bitset\bitset.h">
      <Filter>common\_bitset</Filter>
    </ClInclude>
    <ClInclude Include="..\Common\bitset\bitset2d.h">
      <Filter>common\_bitset</Filter>
    </ClInclude>
    <ClInclude Include="..\Common\checksum\CheckSum.h">
      <Filter>common\_checksum</Filter>
    </ClInclude>
    <ClInclude Include="..\Common\checksum\md5.h">
      <Filter>common\_checksum</Filter>
    </ClInclude>
    <ClInclude Include="..\Common\class\class.h">
      <Filter>common\_class</Filter>
    </ClInclude>
    <ClInclude Include="..\Common\collision\collisiontest.h">
      <Filter>common\_collision</Filter>
    </ClInclude>
    <ClInclude Include="..\Common\Colorset\ColorSet.h">
      <Filter>common\_colorset</Filter>
    </ClInclude>
    <ClInclude Include="..\Common\concurrent\blockqueue.h">
      <Filter>common\_concurrent</Filter>
    </ClInclude>
    <ClInclude Include="..\Common\concurrent\mutexes.h">
      <Filter>common\_concurrent</Filter>
    </ClInclude>
    <ClInclude Include="..\Common\concurrent\semaphore.h">
      <Filter>common\_concurrent</Filter>
    </ClInclude>
    <ClInclude Include="..\Common\concurrent\tbbinc.h">
      <Filter>common\_concurrent</Filter>
    </ClInclude>
    <ClInclude Include="..\Common\concurrent\thread.h">
      <Filter>common\_concurrent</Filter>
    </ClInclude>
    <ClInclude Include="..\Common\config\config.h">
      <Filter>common\_config</Filter>
    </ClInclude>
    <ClInclude Include="..\Common\ctrlqueue\CtrlQueue.h">
      <Filter>common\_ctrlqueue</Filter>
    </ClInclude>
    <ClInclude Include="..\Common\cyclemap\cyclemap.h">
      <Filter>common\_cyclemap</Filter>
    </ClInclude>
    <ClInclude Include="..\Common\datapacket\BitPacket.h">
      <Filter>common\_datapacket</Filter>
    </ClInclude>
    <ClInclude Include="..\Common\datapacket\ChunkPacket.h">
      <Filter>common\_datapacket</Filter>
    </ClInclude>
    <ClInclude Include="..\Common\datapacket\DataPacket.h">
      <Filter>common\_datapacket</Filter>
    </ClInclude>
    <ClInclude Include="..\Common\datapacket\FileCacher.h">
      <Filter>common\_datapacket</Filter>
    </ClInclude>
    <ClInclude Include="..\Common\dbreader\dbreader.h">
      <Filter>common\_dbreader</Filter>
    </ClInclude>
    <ClInclude Include="..\Common\editor\ctrlop.h">
      <Filter>common\_editor</Filter>
    </ClInclude>
    <ClInclude Include="..\Common\editor\editor.h">
      <Filter>common\_editor</Filter>
    </ClInclude>
    <ClInclude Include="..\Common\enums\enums.h">
      <Filter>common\_enums</Filter>
    </ClInclude>
    <ClInclude Include="..\Common\fastdelegate\FastDelegate.h">
      <Filter>common\_fastdelegate</Filter>
    </ClInclude>
    <ClInclude Include="..\Common\fastdelegate\FastDelegateBind.h">
      <Filter>common\_fastdelegate</Filter>
    </ClInclude>
    <ClInclude Include="..\Common\interface\interface.h">
      <Filter>common\_interface</Filter>
    </ClInclude>
    <ClInclude Include="..\Common\interface\InterfaceInstantiate.h">
      <Filter>common\_interface</Filter>
    </ClInclude>
    <ClInclude Include="..\Common\fft\FFT.h">
      <Filter>common\_fft</Filter>
    </ClInclude>
    <ClInclude Include="..\Common\filepackage\DataStream.h">
      <Filter>common\_filepackage</Filter>
    </ClInclude>
    <ClInclude Include="..\Common\filepackage\FileAccessMode.h">
      <Filter>common\_filepackage</Filter>
    </ClInclude>
    <ClInclude Include="..\Common\filepackage\FileMapView.h">
      <Filter>common\_filepackage</Filter>
    </ClInclude>
    <ClInclude Include="..\Common\filepackage\FilePackage.h">
      <Filter>common\_filepackage</Filter>
    </ClInclude>
    <ClInclude Include="..\Common\filepackage\FilePackageDefines.h">
      <Filter>common\_filepackage</Filter>
    </ClInclude>
    <ClInclude Include="..\Common\filepackage\FilePackageFile.h">
      <Filter>common\_filepackage</Filter>
    </ClInclude>
    <ClInclude Include="..\Common\filepackage\FilePackageFuns.h">
      <Filter>common\_filepackage</Filter>
    </ClInclude>
    <ClInclude Include="..\Common\filepackage\FilePackageSearchFilter.h">
      <Filter>common\_filepackage</Filter>
    </ClInclude>
    <ClInclude Include="..\Common\filepackage\FileStream.h">
      <Filter>common\_filepackage</Filter>
    </ClInclude>
    <ClInclude Include="..\Common\filewatcher\FileWatcher.h">
      <Filter>common\_filewatcher</Filter>
    </ClInclude>
    <ClInclude Include="..\Common\fvfex\fvfex.h">
      <Filter>common\_fvfex</Filter>
    </ClInclude>
    <ClInclude Include="..\Common\fvfex\fvfex_data.h">
      <Filter>common\_fvfex</Filter>
    </ClInclude>
    <ClInclude Include="..\Common\fvfex\fvfex_type.h">
      <Filter>common\_fvfex</Filter>
    </ClInclude>
    <ClInclude Include="..\Common\gds\GDefines.h">
      <Filter>common\_gds</Filter>
    </ClInclude>
    <ClInclude Include="..\Common\gds\GObj.h">
      <Filter>common\_gds</Filter>
    </ClInclude>
    <ClInclude Include="..\Common\gds\GObjEx.h">
      <Filter>common\_gds</Filter>
    </ClInclude>
    <ClInclude Include="..\Common\gds\GObjUID.h">
      <Filter>common\_gds</Filter>
    </ClInclude>
    <ClInclude Include="..\Common\gds\GProp.h">
      <Filter>common\_gds</Filter>
    </ClInclude>
    <ClInclude Include="..\Common\gds\GStack.h">
      <Filter>common\_gds</Filter>
    </ClInclude>
    <ClInclude Include="..\Common\gds\GStub.h">
      <Filter>common\_gds</Filter>
    </ClInclude>
    <ClInclude Include="..\Common\gds\GVar.h">
      <Filter>common\_gds</Filter>
    </ClInclude>
    <ClInclude Include="..\Common\geosphere\gsphere.h">
      <Filter>common\_geosphere</Filter>
    </ClInclude>
    <ClInclude Include="..\Common\ijlApi\ijlApi.h">
      <Filter>common\_ijlApi</Filter>
    </ClInclude>
    <ClInclude Include="..\Common\HandlePool\HandlePool.h">
      <Filter>common\_HandlePool</Filter>
    </ClInclude>
    <ClInclude Include="..\Common\linear\linear.h">
      <Filter>common\_linear</Filter>
    </ClInclude>
    <ClInclude Include="..\Common\MultiTree\MultiTree.h">
      <Filter>common\_multitree</Filter>
    </ClInclude>
    <ClInclude Include="..\Common\MultiTree\NodeTree.h">
      <Filter>common\_multitree</Filter>
    </ClInclude>
    <ClInclude Include="..\Common\linkpad\LinkPad.h">
      <Filter>common\_linkpad</Filter>
    </ClInclude>
    <ClInclude Include="..\Common\linkpad\LinkPadDefines.h">
      <Filter>common\_linkpad</Filter>
    </ClInclude>
    <ClInclude Include="..\Common\Log\LastError.h">
      <Filter>common\_log</Filter>
    </ClInclude>
    <ClInclude Include="..\Common\Log\LogDump.h">
      <Filter>common\_log</Filter>
    </ClInclude>
    <ClInclude Include="..\Common\Log\LogFile.h">
      <Filter>common\_log</Filter>
    </ClInclude>
    <ClInclude Include="..\Common\math\aabbox3d.h">
      <Filter>common\_math</Filter>
    </ClInclude>
    <ClInclude Include="..\Common\math\capsule.h">
      <Filter>common\_math</Filter>
    </ClInclude>
    <ClInclude Include="..\Common\math\circle.h">
      <Filter>common\_math</Filter>
    </ClInclude>
    <ClInclude Include="..\Common\math\function.h">
      <Filter>common\_math</Filter>
    </ClInclude>
    <ClInclude Include="..\Common\math\iMath.h">
      <Filter>common\_math</Filter>
    </ClInclude>
    <ClInclude Include="..\Common\math\imath_all.h">
      <Filter>common\_math</Filter>
    </ClInclude>
    <ClInclude Include="..\Common\math\iTypes.h">
      <Filter>common\_math</Filter>
    </ClInclude>
    <ClInclude Include="..\Common\math\line2d.h">
      <Filter>common\_math</Filter>
    </ClInclude>
    <ClInclude Include="..\Common\math\line3d.h">
      <Filter>common\_math</Filter>
    </ClInclude>
    <ClInclude Include="..\Common\math\matrix43.h">
      <Filter>common\_math</Filter>
    </ClInclude>
    <ClInclude Include="..\Common\math\matrix44.h">
      <Filter>common\_math</Filter>
    </ClInclude>
    <ClInclude Include="..\Common\math\plane3d.h">
      <Filter>common\_math</Filter>
    </ClInclude>
    <ClInclude Include="..\Common\math\pos2d.h">
      <Filter>common\_math</Filter>
    </ClInclude>
    <ClInclude Include="..\Common\math\position2d.h">
      <Filter>common\_math</Filter>
    </ClInclude>
    <ClInclude Include="..\Common\math\quaternion.h">
      <Filter>common\_math</Filter>
    </ClInclude>
    <ClInclude Include="..\Common\math\range.h">
      <Filter>common\_math</Filter>
    </ClInclude>
    <ClInclude Include="..\Common\math\rect.h">
      <Filter>common\_math</Filter>
    </ClInclude>
    <ClInclude Include="..\Common\math\size2d.h">
      <Filter>common\_math</Filter>
    </ClInclude>
    <ClInclude Include="..\Common\math\sphere.h">
      <Filter>common\_math</Filter>
    </ClInclude>
    <ClInclude Include="..\Common\math\triangle3d.h">
      <Filter>common\_math</Filter>
    </ClInclude>
    <ClInclude Include="..\Common\math\vector2d.h">
      <Filter>common\_math</Filter>
    </ClInclude>
    <ClInclude Include="..\Common\math\vector3d.h">
      <Filter>common\_math</Filter>
    </ClInclude>
    <ClInclude Include="..\Common\math\vector4d.h">
      <Filter>common\_math</Filter>
    </ClInclude>
    <ClInclude Include="..\Common\math\volume.h">
      <Filter>common\_math</Filter>
    </ClInclude>
    <ClInclude Include="..\Common\math\xform.h">
      <Filter>common\_math</Filter>
    </ClInclude>
    <ClInclude Include="..\Common\mempool\classpool.h">
      <Filter>common\_mempool</Filter>
    </ClInclude>
    <ClInclude Include="..\Common\mempool\mempool.h">
      <Filter>common\_mempool</Filter>
    </ClInclude>
    <ClInclude Include="..\Common\mod\ModBase.h">
      <Filter>common\_mod</Filter>
    </ClInclude>
    <ClInclude Include="..\Common\multithread\Win32ThreadSupports.h">
      <Filter>common\_multithread</Filter>
    </ClInclude>
    <ClInclude Include="..\Common\phys\moppmesh.h">
      <Filter>common\_phys</Filter>
    </ClInclude>
    <ClInclude Include="..\Common\texcompress\3dcDecode.h">
      <Filter>common\_texCompress</Filter>
    </ClInclude>
    <ClInclude Include="..\Common\texcompress\3dcEncodes.h">
      <Filter>common\_texCompress</Filter>
    </ClInclude>
    <ClInclude Include="..\Common\texcompress\DXT1Encodes.h">
      <Filter>common\_texCompress</Filter>
    </ClInclude>
    <ClInclude Include="..\Common\progress\progress.h">
      <Filter>common\_progress</Filter>
    </ClInclude>
    <ClInclude Include="..\Common\nav\navdata.h">
      <Filter>common\_nav</Filter>
    </ClInclude>
    <ClInclude Include="..\Common\nav\navservice.h">
      <Filter>common\_nav</Filter>
    </ClInclude>
    <ClInclude Include="..\Common\nav\detour\DetourAlloc.h">
      <Filter>common\_nav\detour</Filter>
    </ClInclude>
    <ClInclude Include="..\Common\nav\detour\DetourAssert.h">
      <Filter>common\_nav\detour</Filter>
    </ClInclude>
    <ClInclude Include="..\Common\nav\detour\DetourCommon.h">
      <Filter>common\_nav\detour</Filter>
    </ClInclude>
    <ClInclude Include="..\Common\nav\detour\DetourMath.h">
      <Filter>common\_nav\detour</Filter>
    </ClInclude>
    <ClInclude Include="..\Common\nav\detour\DetourNavMesh.h">
      <Filter>common\_nav\detour</Filter>
    </ClInclude>
    <ClInclude Include="..\Common\nav\detour\DetourNavMeshBuilder.h">
      <Filter>common\_nav\detour</Filter>
    </ClInclude>
    <ClInclude Include="..\Common\nav\detour\DetourNavMeshQuery.h">
      <Filter>common\_nav\detour</Filter>
    </ClInclude>
    <ClInclude Include="..\Common\nav\detour\DetourNode.h">
      <Filter>common\_nav\detour</Filter>
    </ClInclude>
    <ClInclude Include="..\Common\nav\detour\DetourStatus.h">
      <Filter>common\_nav\detour</Filter>
    </ClInclude>
    <ClInclude Include="..\Common\nav\detour\DetourTileQuery.h">
      <Filter>common\_nav\detour</Filter>
    </ClInclude>
    <ClInclude Include="..\Common\nav\recast\ChunkyTriMesh.h">
      <Filter>common\_nav\recast</Filter>
    </ClInclude>
    <ClInclude Include="..\Common\nav\recast\Recast.h">
      <Filter>common\_nav\recast</Filter>
    </ClInclude>
    <ClInclude Include="..\Common\nav\recast\RecastAlloc.h">
      <Filter>common\_nav\recast</Filter>
    </ClInclude>
    <ClInclude Include="..\Common\nav\recast\RecastAssert.h">
      <Filter>common\_nav\recast</Filter>
    </ClInclude>
    <ClInclude Include="..\Common\nav\routing\routing.h">
      <Filter>common\_nav\routing</Filter>
    </ClInclude>
    <ClInclude Include="..\Common\nav\routing\rtNode.h">
      <Filter>common\_nav\routing</Filter>
    </ClInclude>
    <ClInclude Include="..\Common\nav\routing\rtQuery.h">
      <Filter>common\_nav\routing</Filter>
    </ClInclude>
    <ClInclude Include="..\Common\nav\routing\rtRegion.h">
      <Filter>common\_nav\routing</Filter>
    </ClInclude>
    <ClInclude Include="..\Common\nav\routing\rtTableManager.h">
      <Filter>common\_nav\routing</Filter>
    </ClInclude>
    <ClInclude Include="..\Common\nav\routing\rtWorld.h">
      <Filter>common\_nav\routing</Filter>
    </ClInclude>
    <ClInclude Include="..\Common\Random\Random.h">
      <Filter>common\_random</Filter>
    </ClInclude>
    <ClInclude Include="..\Common\rasterize\rasterize.h">
      <Filter>common\_rasterize</Filter>
    </ClInclude>
    <ClInclude Include="..\Common\ref\ref.h">
      <Filter>common\_ref</Filter>
    </ClInclude>
    <ClInclude Include="..\Common\ref\sharedPtr.h">
      <Filter>common\_ref</Filter>
    </ClInclude>
    <ClInclude Include="..\Common\Registry\Registry.h">
      <Filter>common\_Registry</Filter>
    </ClInclude>
    <ClInclude Include="..\Common\resdata\AnimData.h">
      <Filter>common\_resdata</Filter>
    </ClInclude>
    <ClInclude Include="..\Common\resdata\DtrData.h">
      <Filter>common\_resdata</Filter>
    </ClInclude>
    <ClInclude Include="..\Common\resdata\DummiesData.h">
      <Filter>common\_resdata</Filter>
    </ClInclude>
    <ClInclude Include="..\Common\resdata\MeshData.h">
      <Filter>common\_resdata</Filter>
    </ClInclude>
    <ClInclude Include="..\Common\resdata\MoppData.h">
      <Filter>common\_resdata</Filter>
    </ClInclude>
    <ClInclude Include="..\Common\resdata\MtrlData.h">
      <Filter>common\_resdata</Filter>
    </ClInclude>
    <ClInclude Include="..\Common\resdata\MtrlExtData.h">
      <Filter>common\_resdata</Filter>
    </ClInclude>
    <ClInclude Include="..\Common\resdata\RagdollData.h">
      <Filter>common\_resdata</Filter>
    </ClInclude>
    <ClInclude Include="..\Common\resdata\RecordsData.h">
      <Filter>common\_resdata</Filter>
    </ClInclude>
    <ClInclude Include="..\Common\resdata\ResData.h">
      <Filter>common\_resdata</Filter>
    </ClInclude>
    <ClInclude Include="..\Common\resdata\ResDataDefines.h">
      <Filter>common\_resdata</Filter>
    </ClInclude>
    <ClInclude Include="..\Common\resdata\SkeletonInfo.h">
      <Filter>common\_resdata</Filter>
    </ClInclude>
    <ClInclude Include="..\Common\resdata\SoundData.h">
      <Filter>common\_resdata</Filter>
    </ClInclude>
    <ClInclude Include="..\Common\resdata\SpgData.h">
      <Filter>common\_resdata</Filter>
    </ClInclude>
    <ClInclude Include="..\Common\resdata\SptData.h">
      <Filter>common\_resdata</Filter>
    </ClInclude>
    <ClInclude Include="..\Common\resdata\TexData.h">
      <Filter>common\_resdata</Filter>
    </ClInclude>
    <ClInclude Include="..\Common\resdata\AnimTreeData.h">
      <Filter>common\_resdata\AnimTreeData</Filter>
    </ClInclude>
    <ClInclude Include="..\Common\resdata\AnimTreePads.h">
      <Filter>common\_resdata\AnimTreeData</Filter>
    </ClInclude>
    <ClInclude Include="..\Common\resdata\BehaviorGraphData.h">
      <Filter>common\_resdata\BehaviorGraphData</Filter>
    </ClInclude>
    <ClInclude Include="..\Common\roc\roc.h">
      <Filter>common\_roc</Filter>
    </ClInclude>
    <ClInclude Include="..\Common\ruler\ruler.h">
      <Filter>common\_ruler</Filter>
    </ClInclude>
    <ClInclude Include="..\Common\setter\setter.h">
      <Filter>common\_setter</Filter>
    </ClInclude>
    <ClInclude Include="..\Common\zoner\zoner.h">
      <Filter>common\_zoner</Filter>
    </ClInclude>
    <ClInclude Include="..\Common\sh\SH.h">
      <Filter>common\_sh</Filter>
    </ClInclude>
    <ClInclude Include="..\Common\shaderlib\keywords.h">
      <Filter>common\_shaderlib</Filter>
    </ClInclude>
    <ClInclude Include="..\Common\shaderlib\ScriptParser.h">
      <Filter>common\_shaderlib</Filter>
    </ClInclude>
    <ClInclude Include="..\Common\shaderlib\ScriptProcesser.h">
      <Filter>common\_shaderlib</Filter>
    </ClInclude>
    <ClInclude Include="..\Common\shaderlib\ShaderLib.h">
      <Filter>common\_shaderlib</Filter>
    </ClInclude>
    <ClInclude Include="..\Common\shaderlib\SLComposer.h">
      <Filter>common\_shaderlib</Filter>
    </ClInclude>
    <ClInclude Include="..\Common\shaderlib\SLDefines.h">
      <Filter>common\_shaderlib</Filter>
    </ClInclude>
    <ClInclude Include="..\Common\shaderlib\SLEffectParam.h">
      <Filter>common\_shaderlib</Filter>
    </ClInclude>
    <ClInclude Include="..\Common\shaderlib\SLFeature.h">
      <Filter>common\_shaderlib</Filter>
    </ClInclude>
    <ClInclude Include="..\Common\shaderlib\SLHolder.h">
      <Filter>common\_shaderlib</Filter>
    </ClInclude>
    <ClInclude Include="..\Common\sparsearray\sparsearray2D.h">
      <Filter>common\_sparsearray</Filter>
    </ClInclude>
    <ClInclude Include="..\Common\spatialtester\spatialtester.h">
      <Filter>common\_spatialtester</Filter>
    </ClInclude>
    <ClInclude Include="..\Common\spline\CubicSpline.h">
      <Filter>common\_spline</Filter>
    </ClInclude>
    <ClInclude Include="..\Common\stringparser\stringparser.h">
      <Filter>common\_stringparser</Filter>
    </ClInclude>
    <ClInclude Include="..\Common\strlib\strlib.h">
      <Filter>common\_strlib</Filter>
    </ClInclude>
    <ClInclude Include="..\Common\strlib\strlibdefines.h">
      <Filter>common\_strlib</Filter>
    </ClInclude>
    <ClInclude Include="..\Common\terrain\trrntopo.h">
      <Filter>common\_terrain</Filter>
    </ClInclude>
    <ClInclude Include="..\Common\timer\profiler.h">
      <Filter>common\_timer</Filter>
    </ClInclude>
    <ClInclude Include="..\Common\timer\timer.h">
      <Filter>common\_timer</Filter>
    </ClInclude>
    <ClInclude Include="..\Common\timer\wuid.h">
      <Filter>common\_timer</Filter>
    </ClInclude>
    <ClInclude Include="..\Common\trisampler\trisampler.h">
      <Filter>common\_trisampler</Filter>
    </ClInclude>
    <ClInclude Include="..\Common\tuner\Tuner.h">
      <Filter>common\_tuner</Filter>
    </ClInclude>
    <ClInclude Include="..\Common\unitsystem\unitsystem.h">
      <Filter>common\_unitsystem</Filter>
    </ClInclude>
    <ClInclude Include="..\Common\valueset\valueset.h">
      <Filter>common\_valueset</Filter>
    </ClInclude>
    <ClInclude Include="..\Common\vertexfmt\vertexfmt.h">
      <Filter>common\_vertexfmt</Filter>
    </ClInclude>
    <ClInclude Include="..\Common\procedure\procedure.h">
      <Filter>common\_procedure</Filter>
    </ClInclude>
    <ClInclude Include="..\Common\imageprocess\gaussianblur.h">
      <Filter>common\_imageprocess</Filter>
    </ClInclude>
    <ClInclude Include="..\Common\imageprocess\shrinkgutter.h">
      <Filter>common\_imageprocess</Filter>
    </ClInclude>
    <ClInclude Include="..\Common\pixelfmt\pixelfmt.h">
      <Filter>common\_pixelfmt</Filter>
    </ClInclude>
    <ClInclude Include="..\Common\linkbuf\LinkBuf.h">
      <Filter>common\_linkbuf</Filter>
    </ClInclude>
    <ClInclude Include="..\Common\octree\octree_tri.h">
      <Filter>common\_octree</Filter>
    </ClInclude>
    <ClInclude Include="..\Common\qtree\qtree.h">
      <Filter>common\_qtree</Filter>
    </ClInclude>
    <ClInclude Include="..\Common\gamedata\GameRgnGrid.h">
      <Filter>common\_gamedata</Filter>
    </ClInclude>
    <ClInclude Include="..\Common\gamedata\GameTileMap.h">
      <Filter>common\_gamedata</Filter>
    </ClInclude>
    <ClInclude Include="..\Common\gamedata\GameTrisMap.h">
      <Filter>common\_gamedata</Filter>
    </ClInclude>
    <ClInclude Include="..\Common\micropather\micropather.h">
      <Filter>common\_macropather</Filter>
    </ClInclude>
    <ClInclude Include="..\Common\unitmgr\Unit3DMgr.h">
      <Filter>common\_unitmgr</Filter>
    </ClInclude>
    <ClInclude Include="..\Common\unitmgr\UnitGesture.h">
      <Filter>common\_unitmgr</Filter>
    </ClInclude>
    <ClInclude Include="..\Common\unitmgr\UnitMap.h">
      <Filter>common\_unitmgr</Filter>
    </ClInclude>
    <ClInclude Include="..\Common\unitmgr\UnitMgr.h">
      <Filter>common\_unitmgr</Filter>
    </ClInclude>
    <ClInclude Include="..\Common\unitmgr\UnitMgrMP.h">
      <Filter>common\_unitmgr</Filter>
    </ClInclude>
    <ClInclude Include="..\Common\unitmgr\UnitMgrNavMesh.h">
      <Filter>common\_unitmgr</Filter>
    </ClInclude>
    <ClInclude Include="..\Common\quicklz\quicklz.h">
      <Filter>common\_quicklz</Filter>
    </ClInclude>
    <ClInclude Include="..\Common\sheet\sheet.h">
      <Filter>common\_sheet</Filter>
    </ClInclude>
    <ClInclude Include="..\Common\sheet\sheetrecord.h">
      <Filter>common\_sheet</Filter>
    </ClInclude>
    <ClInclude Include="..\Common\netmsg\netmsg.h">
      <Filter>common\_netmsg</Filter>
    </ClInclude>
    <ClInclude Include="..\Common\records\records.h">
      <Filter>common\_records</Filter>
    </ClInclude>
    <ClInclude Include="..\Common\records\recordsdefine.h">
      <Filter>common\_records</Filter>
    </ClInclude>
    <ClInclude Include="..\Common\triangulater\triangulater.h">
      <Filter>common\_triangulater</Filter>
    </ClInclude>
    <ClInclude Include="..\Common\decal\decal.h">
      <Filter>common\_decal</Filter>
    </ClInclude>
    <ClInclude Include="..\Common\boundfinder\boundfinder.h">
      <Filter>common\_boundfinder</Filter>
    </ClInclude>
    <ClInclude Include="..\Common\attr\attr.h">
      <Filter>common\_attr</Filter>
    </ClInclude>
    <ClInclude Include="..\Common\circum\CircumSites.h">
      <Filter>common\_circum</Filter>
    </ClInclude>
    <ClInclude Include="..\Common\behaviorgraph\Behavior.h">
      <Filter>common\_behavior</Filter>
    </ClInclude>
    <ClInclude Include="..\Common\behaviorgraph\BehaviorCustomConst.h">
      <Filter>common\_behavior</Filter>
    </ClInclude>
    <ClInclude Include="..\Common\behaviorgraph\BehaviorDefines.h">
      <Filter>common\_behavior</Filter>
    </ClInclude>
    <ClInclude Include="..\Common\behaviorgraph\BehaviorGraphPads.h">
      <Filter>common\_behavior</Filter>
    </ClInclude>
    <ClInclude Include="..\Common\behaviorgraph\BehaviorGraphs.h">
      <Filter>common\_behavior</Filter>
    </ClInclude>
    <ClInclude Include="..\Common\behaviorgraph\BehaviorGraphsUtil.h">
      <Filter>common\_behavior</Filter>
    </ClInclude>
    <ClInclude Include="..\Common\behaviorgraph\BehaviorMem.h">
      <Filter>common\_behavior</Filter>
    </ClInclude>
    <ClInclude Include="..\Common\behaviorgraph\BehaviorParam.h">
      <Filter>common\_behavior</Filter>
    </ClInclude>
    <ClInclude Include="..\Common\behaviorgraph\BehaviorValue.h">
      <Filter>common\_behavior</Filter>
    </ClInclude>
    <ClInclude Include="..\Common\behaviorgraph\BgnHelper.h">
      <Filter>common\_behavior</Filter>
    </ClInclude>
    <ClInclude Include="..\Common\behaviorgraph\BgnInclude.h">
      <Filter>common\_behavior</Filter>
    </ClInclude>
    <ClInclude Include="..\Common\behaviorgraph\BgnRelay.h">
      <Filter>common\_behavior</Filter>
    </ClInclude>
    <ClInclude Include="..\Common\behaviorgraph\BgnState.h">
      <Filter>common\_behavior</Filter>
    </ClInclude>
    <ClInclude Include="..\Common\behaviorgraph\BgpFunc.h">
      <Filter>common\_behavior</Filter>
    </ClInclude>
    <ClInclude Include="..\Common\behaviorgraph\FillDescAssist.h">
      <Filter>common\_behavior</Filter>
    </ClInclude>
    <ClInclude Include="..\Common\behaviorgraph\BehaviorDebug.h">
      <Filter>common\_behavior\debug</Filter>
    </ClInclude>
    <ClInclude Include="..\Common\behaviorgraph\BehaviorDebug_RegistryBase.h">
      <Filter>common\_behavior\debug</Filter>
    </ClInclude>
    <ClInclude Include="..\Common\pin\pin.h">
      <Filter>common\_pin</Filter>
    </ClInclude>
    <ClInclude Include="..\Common\ringbuf\RingBuf.h">
      <Filter>common\_ringbuf</Filter>
    </ClInclude>
    <ClInclude Include="..\Common\rvo2\Definitions.h">
      <Filter>common\_rvo2</Filter>
    </ClInclude>
    <ClInclude Include="..\Common\rvo2\RVO.h">
      <Filter>common\_rvo2</Filter>
    </ClInclude>
    <ClInclude Include="..\Common\rvo2\RvoObstacle.h">
      <Filter>common\_rvo2</Filter>
    </ClInclude>
    <ClInclude Include="..\Common\rvo2\RvoObstacleMap.h">
      <Filter>common\_rvo2</Filter>
    </ClInclude>
    <ClInclude Include="..\Common\rvo2\RvoSimulator.h">
      <Filter>common\_rvo2</Filter>
    </ClInclude>
    <ClInclude Include="..\Common\rvo2\RvoUnit.h">
      <Filter>common\_rvo2</Filter>
    </ClInclude>
    <ClInclude Include="..\Common\rvo2\RvoVec2.h">
      <Filter>common\_rvo2</Filter>
    </ClInclude>
    <ClInclude Include="..\Common\rope\rope.h">
      <Filter>common\_rope</Filter>
    </ClInclude>
    <ClInclude Include="..\Common\ranges\ranges.h">
      <Filter>common\_ranges</Filter>
    </ClInclude>
    <ClInclude Include="..\Common\PositionBasedDynamics\Common\Common.h">
      <Filter>common\_PositionBasedDynamics\common</Filter>
    </ClInclude>
    <ClInclude Include="..\Common\PositionBasedDynamics\PositionBasedDynamics\DirectPositionBasedSolverForStiffRodsInterface.h">
      <Filter>common\_PositionBasedDynamics\PositionBasedDynamics</Filter>
    </ClInclude>
    <ClInclude Include="..\Common\PositionBasedDynamics\PositionBasedDynamics\MathFunctions.h">
      <Filter>common\_PositionBasedDynamics\PositionBasedDynamics</Filter>
    </ClInclude>
    <ClInclude Include="..\Common\PositionBasedDynamics\PositionBasedDynamics\PositionBasedDynamics.h">
      <Filter>common\_PositionBasedDynamics\PositionBasedDynamics</Filter>
    </ClInclude>
    <ClInclude Include="..\Common\PositionBasedDynamics\PositionBasedDynamics\PositionBasedGenericConstraints.h">
      <Filter>common\_PositionBasedDynamics\PositionBasedDynamics</Filter>
    </ClInclude>
    <ClInclude Include="..\Common\PositionBasedDynamics\PositionBasedDynamics\SPHKernels.h">
      <Filter>common\_PositionBasedDynamics\PositionBasedDynamics</Filter>
    </ClInclude>
    <ClInclude Include="..\Common\PositionBasedDynamics\PositionBasedDynamics\TimeIntegration.h">
      <Filter>common\_PositionBasedDynamics\PositionBasedDynamics</Filter>
    </ClInclude>
    <ClInclude Include="..\Common\PositionBasedDynamics\Simulation\AABB.h">
      <Filter>common\_PositionBasedDynamics\Simulation</Filter>
    </ClInclude>
    <ClInclude Include="..\Common\PositionBasedDynamics\Simulation\Constraints.h">
      <Filter>common\_PositionBasedDynamics\Simulation</Filter>
    </ClInclude>
    <ClInclude Include="..\Common\PositionBasedDynamics\Simulation\IDFactory.h">
      <Filter>common\_PositionBasedDynamics\Simulation</Filter>
    </ClInclude>
    <ClInclude Include="..\Common\PositionBasedDynamics\Simulation\kdTree.h">
      <Filter>common\_PositionBasedDynamics\Simulation</Filter>
    </ClInclude>
    <ClInclude Include="..\Common\PositionBasedDynamics\Simulation\LineModel.h">
      <Filter>common\_PositionBasedDynamics\Simulation</Filter>
    </ClInclude>
    <ClInclude Include="..\Common\PositionBasedDynamics\Simulation\ParticleData.h">
      <Filter>common\_PositionBasedDynamics\Simulation</Filter>
    </ClInclude>
    <ClInclude Include="..\Common\PositionBasedDynamics\Simulation\Simulation.h">
      <Filter>common\_PositionBasedDynamics\Simulation</Filter>
    </ClInclude>
    <ClInclude Include="..\Common\PositionBasedDynamics\Simulation\SimulationModel.h">
      <Filter>common\_PositionBasedDynamics\Simulation</Filter>
    </ClInclude>
    <ClInclude Include="..\Common\PositionBasedDynamics\Simulation\TimeManager.h">
      <Filter>common\_PositionBasedDynamics\Simulation</Filter>
    </ClInclude>
    <ClInclude Include="..\Common\PositionBasedDynamics\Simulation\TimeStep.h">
      <Filter>common\_PositionBasedDynamics\Simulation</Filter>
    </ClInclude>
    <ClInclude Include="..\Common\PositionBasedDynamics\Simulation\TimeStepController.h">
      <Filter>common\_PositionBasedDynamics\Simulation</Filter>
    </ClInclude>
    <ClInclude Include="..\Common\stackcontainer\stackcontainer.h">
      <Filter>common\_stackcontainer</Filter>
    </ClInclude>
    <ClInclude Include="..\Common\squish\alpha.h">
      <Filter>common\_squish</Filter>
    </ClInclude>
    <ClInclude Include="..\Common\squish\clusterfit.h">
      <Filter>common\_squish</Filter>
    </ClInclude>
    <ClInclude Include="..\Common\squish\colourblock.h">
      <Filter>common\_squish</Filter>
    </ClInclude>
    <ClInclude Include="..\Common\squish\colourfit.h">
      <Filter>common\_squish</Filter>
    </ClInclude>
    <ClInclude Include="..\Common\squish\colourset.h">
      <Filter>common\_squish</Filter>
    </ClInclude>
    <ClInclude Include="..\Common\squish\config.h">
      <Filter>common\_squish</Filter>
    </ClInclude>
    <ClInclude Include="..\Common\squish\maths.h">
      <Filter>common\_squish</Filter>
    </ClInclude>
    <ClInclude Include="..\Common\squish\rangefit.h">
      <Filter>common\_squish</Filter>
    </ClInclude>
    <ClInclude Include="..\Common\squish\simd.h">
      <Filter>common\_squish</Filter>
    </ClInclude>
    <ClInclude Include="..\Common\squish\simd_float.h">
      <Filter>common\_squish</Filter>
    </ClInclude>
    <ClInclude Include="..\Common\squish\simd_sse.h">
      <Filter>common\_squish</Filter>
    </ClInclude>
    <ClInclude Include="..\Common\squish\simd_ve.h">
      <Filter>common\_squish</Filter>
    </ClInclude>
    <ClInclude Include="..\Common\squish\singlecolourfit.h">
      <Filter>common\_squish</Filter>
    </ClInclude>
    <ClInclude Include="..\Common\squish\squish.h">
      <Filter>common\_squish</Filter>
    </ClInclude>
    <ClInclude Include="..\Common\stackcontainer\stackvector.h">
      <Filter>common\_stackcontainer</Filter>
    </ClInclude>
    <ClInclude Include="..\Common\concurrent\lock.h">
      <Filter>common\_concurrent</Filter>
    </ClInclude>
    <ClInclude Include="..\Common\encrypt\encrypt.h">
      <Filter>common\_encrypt</Filter>
    </ClInclude>
    <ClInclude Include="..\Common\affinespace\affinespace.h">
      <Filter>common\_affinespace</Filter>
    </ClInclude>
  </ItemGroup>
  <ItemGroup>
    <None Include="..\Common\PositionBasedDynamics\Simulation\kdTree.inl">
      <Filter>common\_PositionBasedDynamics\Simulation</Filter>
    </None>
    <None Include="..\Common\squish\singlecolourlookup.inl">
      <Filter>common\_squish</Filter>
    </None>
  </ItemGroup>
  <ItemGroup>
    <CustomBuild Include="..\Common\excel\BasicExcel.hpp">
      <Filter>common\_excel</Filter>
    </CustomBuild>
    <CustomBuild Include="..\Common\astar\AStar.h">
      <Filter>common\_astar</Filter>
    </CustomBuild>
    <CustomBuild Include="..\Common\astar\AStarTileDefine.h">
      <Filter>common\_astar</Filter>
    </CustomBuild>
    <CustomBuild Include="..\Common\PositionBasedDynamics\PositionBasedDynamics\PositionBasedElasticRods.h">
      <Filter>common\_PositionBasedDynamics\PositionBasedDynamics</Filter>
    </CustomBuild>
    <CustomBuild Include="..\Common\PositionBasedDynamics\PositionBasedDynamics\PositionBasedFluids.h">
      <Filter>common\_PositionBasedDynamics\PositionBasedDynamics</Filter>
    </CustomBuild>
    <CustomBuild Include="..\Common\PositionBasedDynamics\PositionBasedDynamics\PositionBasedRigidBodyDynamics.h">
      <Filter>common\_PositionBasedDynamics\PositionBasedDynamics</Filter>
    </CustomBuild>
    <CustomBuild Include="..\Common\PositionBasedDynamics\Simulation\BoundingSphere.h">
      <Filter>common\_PositionBasedDynamics\Simulation</Filter>
    </CustomBuild>
    <CustomBuild Include="..\Common\PositionBasedDynamics\Simulation\BoundingSphereHierarchy.h">
      <Filter>common\_PositionBasedDynamics\Simulation</Filter>
    </CustomBuild>
    <CustomBuild Include="..\Common\PositionBasedDynamics\Simulation\CollisionDetection.h">
      <Filter>common\_PositionBasedDynamics\Simulation</Filter>
    </CustomBuild>
    <CustomBuild Include="..\Common\PositionBasedDynamics\Simulation\CubicSDFCollisionDetection.h">
      <Filter>common\_PositionBasedDynamics\Simulation</Filter>
    </CustomBuild>
    <CustomBuild Include="..\Common\PositionBasedDynamics\Simulation\DistanceFieldCollisionDetection.h">
      <Filter>common\_PositionBasedDynamics\Simulation</Filter>
    </CustomBuild>
    <CustomBuild Include="..\Common\PositionBasedDynamics\Simulation\NeighborhoodSearchSpatialHashing.h">
      <Filter>common\_PositionBasedDynamics\Simulation</Filter>
    </CustomBuild>
    <CustomBuild Include="..\Common\PositionBasedDynamics\Simulation\RigidBody.h">
      <Filter>common\_PositionBasedDynamics\Simulation</Filter>
    </CustomBuild>
    <CustomBuild Include="..\Common\PositionBasedDynamics\Simulation\RigidBodyGeometry.h">
      <Filter>common\_PositionBasedDynamics\Simulation</Filter>
    </CustomBuild>
    <CustomBuild Include="..\Common\PositionBasedDynamics\Simulation\TetModel.h">
      <Filter>common\_PositionBasedDynamics\Simulation</Filter>
    </CustomBuild>
    <CustomBuild Include="..\Common\PositionBasedDynamics\Simulation\TriangleModel.h">
      <Filter>common\_PositionBasedDynamics\Simulation</Filter>
    </CustomBuild>
  </ItemGroup>
</Project>